// !$*UTF8*$!
{
	archiveVersion = 1;
	classes = {
	};
	objectVersion = 56;
	objects = {

/* Begin PBXBuildFile section */
		3F66DAFE2A31E5D20078ECA0 /* StockDetailModel.swift in Sources */ = {isa = PBXBuildFile; fileRef = 3F66DAFD2A31E5D20078ECA0 /* StockDetailModel.swift */; };
		3F66DB002A31E6830078ECA0 /* CandlesChartView.swift in Sources */ = {isa = PBXBuildFile; fileRef = 3F66DAFF2A31E6830078ECA0 /* CandlesChartView.swift */; };
		3F66DB022A31E7020078ECA0 /* CandleChartModel.swift in Sources */ = {isa = PBXBuildFile; fileRef = 3F66DB012A31E7020078ECA0 /* CandleChartModel.swift */; };
		3F66DB262A32E3B60078ECA0 /* CompanyProfileView.swift in Sources */ = {isa = PBXBuildFile; fileRef = 3F66DB252A32E3B60078ECA0 /* CompanyProfileView.swift */; };
		3F66DB292A32E4170078ECA0 /* SDWebImageSwiftUI in Frameworks */ = {isa = PBXBuildFile; productRef = 3F66DB282A32E4170078ECA0 /* SDWebImageSwiftUI */; };
		3F66DB2C2A32E4290078ECA0 /* SDWebImageSVGCoder in Frameworks */ = {isa = PBXBuildFile; productRef = 3F66DB2B2A32E4290078ECA0 /* SDWebImageSVGCoder */; };
		3F66DB2E2A32E49C0078ECA0 /* StockProfileModel.swift in Sources */ = {isa = PBXBuildFile; fileRef = 3F66DB2D2A32E49C0078ECA0 /* StockProfileModel.swift */; };
		3F8B693B2A2D9BCB00B125FB /* SnapKit in Frameworks */ = {isa = PBXBuildFile; productRef = 3F8B693A2A2D9BCB00B125FB /* SnapKit */; };
		3F8B693D2A2DA23300B125FB /* CustomTabBarController.swift in Sources */ = {isa = PBXBuildFile; fileRef = 3F8B693C2A2DA23300B125FB /* CustomTabBarController.swift */; };
		3F8B693F2A2DA4AE00B125FB /* WatchlistViewController.swift in Sources */ = {isa = PBXBuildFile; fileRef = 3F8B693E2A2DA4AE00B125FB /* WatchlistViewController.swift */; };
		3F8B69412A2DA51400B125FB /* SearchViewController.swift in Sources */ = {isa = PBXBuildFile; fileRef = 3F8B69402A2DA51400B125FB /* SearchViewController.swift */; };
		3F8B69432A2DC11900B125FB /* Resources.swift in Sources */ = {isa = PBXBuildFile; fileRef = 3F8B69422A2DC11900B125FB /* Resources.swift */; };
		3F8B69452A2DC23D00B125FB /* Extensions.swift in Sources */ = {isa = PBXBuildFile; fileRef = 3F8B69442A2DC23D00B125FB /* Extensions.swift */; };
		3F8B69472A2DD0AB00B125FB /* SearchViewCell.swift in Sources */ = {isa = PBXBuildFile; fileRef = 3F8B69462A2DD0AB00B125FB /* SearchViewCell.swift */; };
		3F8B694A2A2DE0AF00B125FB /* StockDetailViewController.swift in Sources */ = {isa = PBXBuildFile; fileRef = 3F8B69492A2DE0AF00B125FB /* StockDetailViewController.swift */; };
		3F8B694C2A2DE17D00B125FB /* StockDetailView.swift in Sources */ = {isa = PBXBuildFile; fileRef = 3F8B694B2A2DE17D00B125FB /* StockDetailView.swift */; };
		3F8B69512A2DF49F00B125FB /* NetworkService.swift in Sources */ = {isa = PBXBuildFile; fileRef = 3F8B69502A2DF49F00B125FB /* NetworkService.swift */; };
		3F9800AC2A2616CA00D99EA3 /* AppDelegate.swift in Sources */ = {isa = PBXBuildFile; fileRef = 3F9800AB2A2616CA00D99EA3 /* AppDelegate.swift */; };
		3F9800AE2A2616CA00D99EA3 /* SceneDelegate.swift in Sources */ = {isa = PBXBuildFile; fileRef = 3F9800AD2A2616CA00D99EA3 /* SceneDelegate.swift */; };
		3F9800B52A2616CC00D99EA3 /* Assets.xcassets in Resources */ = {isa = PBXBuildFile; fileRef = 3F9800B42A2616CC00D99EA3 /* Assets.xcassets */; };
		3F9800B82A2616CC00D99EA3 /* LaunchScreen.storyboard in Resources */ = {isa = PBXBuildFile; fileRef = 3F9800B62A2616CC00D99EA3 /* LaunchScreen.storyboard */; };
		3FD370B92A3A19960042CA95 /* WatchlistPresenter.swift in Sources */ = {isa = PBXBuildFile; fileRef = 3FD370B82A3A19960042CA95 /* WatchlistPresenter.swift */; };
		3FD370BB2A3A2D4B0042CA95 /* WatchlistAssembly.swift in Sources */ = {isa = PBXBuildFile; fileRef = 3FD370BA2A3A2D4B0042CA95 /* WatchlistAssembly.swift */; };
		3FD370BE2A3A32E50042CA95 /* SearchModel.swift in Sources */ = {isa = PBXBuildFile; fileRef = 3FD370BD2A3A32E50042CA95 /* SearchModel.swift */; };
		3FD370C12A3A33A50042CA95 /* SearchView.swift in Sources */ = {isa = PBXBuildFile; fileRef = 3FD370C02A3A33A50042CA95 /* SearchView.swift */; };
		3FD370C32A3A53A30042CA95 /* SearchPresenter.swift in Sources */ = {isa = PBXBuildFile; fileRef = 3FD370C22A3A53A30042CA95 /* SearchPresenter.swift */; };
		3FD370C52A3AC3480042CA95 /* SearchAssembly.swift in Sources */ = {isa = PBXBuildFile; fileRef = 3FD370C42A3AC3480042CA95 /* SearchAssembly.swift */; };
		3FD370CA2A3B13230042CA95 /* StockDetailPresenter.swift in Sources */ = {isa = PBXBuildFile; fileRef = 3FD370C92A3B13230042CA95 /* StockDetailPresenter.swift */; };
		3FD370CC2A3B15030042CA95 /* StockDetailAssembly.swift in Sources */ = {isa = PBXBuildFile; fileRef = 3FD370CB2A3B15030042CA95 /* StockDetailAssembly.swift */; };
		3FD370CE2A3B2E440042CA95 /* NetworkServiceModel.swift in Sources */ = {isa = PBXBuildFile; fileRef = 3FD370CD2A3B2E440042CA95 /* NetworkServiceModel.swift */; };
		3FD370D02A3B32E00042CA95 /* FinhubExchangeManager.swift in Sources */ = {isa = PBXBuildFile; fileRef = 3FD370CF2A3B32E00042CA95 /* FinhubExchangeManager.swift */; };
		3FFADDCC2A3611FA00299BBD /* WatchlistViewCell.swift in Sources */ = {isa = PBXBuildFile; fileRef = 3FFADDCB2A3611FA00299BBD /* WatchlistViewCell.swift */; };
		3FFADDCF2A36E4AA00299BBD /* StocksModel.xcdatamodeld in Sources */ = {isa = PBXBuildFile; fileRef = 3FFADDCD2A36E4AA00299BBD /* StocksModel.xcdatamodeld */; };
		3FFADDD12A36EA3300299BBD /* PersistentStorageService.swift in Sources */ = {isa = PBXBuildFile; fileRef = 3FFADDD02A36EA3300299BBD /* PersistentStorageService.swift */; };
		3FFADDD82A38277100299BBD /* WatchlistView.swift in Sources */ = {isa = PBXBuildFile; fileRef = 3FFADDD72A38277100299BBD /* WatchlistView.swift */; };
		3FFADDDA2A3827BF00299BBD /* WatchlistModel.swift in Sources */ = {isa = PBXBuildFile; fileRef = 3FFADDD92A3827BF00299BBD /* WatchlistModel.swift */; };
/* End PBXBuildFile section */

/* Begin PBXFileReference section */
		3F66DAFD2A31E5D20078ECA0 /* StockDetailModel.swift */ = {isa = PBXFileReference; lastKnownFileType = sourcecode.swift; path = StockDetailModel.swift; sourceTree = "<group>"; };
		3F66DAFF2A31E6830078ECA0 /* CandlesChartView.swift */ = {isa = PBXFileReference; lastKnownFileType = sourcecode.swift; path = CandlesChartView.swift; sourceTree = "<group>"; };
		3F66DB012A31E7020078ECA0 /* CandleChartModel.swift */ = {isa = PBXFileReference; lastKnownFileType = sourcecode.swift; path = CandleChartModel.swift; sourceTree = "<group>"; };
		3F66DB252A32E3B60078ECA0 /* CompanyProfileView.swift */ = {isa = PBXFileReference; lastKnownFileType = sourcecode.swift; path = CompanyProfileView.swift; sourceTree = "<group>"; };
		3F66DB2D2A32E49C0078ECA0 /* StockProfileModel.swift */ = {isa = PBXFileReference; lastKnownFileType = sourcecode.swift; path = StockProfileModel.swift; sourceTree = "<group>"; };
		3F8B693C2A2DA23300B125FB /* CustomTabBarController.swift */ = {isa = PBXFileReference; lastKnownFileType = sourcecode.swift; path = CustomTabBarController.swift; sourceTree = "<group>"; };
		3F8B693E2A2DA4AE00B125FB /* WatchlistViewController.swift */ = {isa = PBXFileReference; lastKnownFileType = sourcecode.swift; path = WatchlistViewController.swift; sourceTree = "<group>"; };
		3F8B69402A2DA51400B125FB /* SearchViewController.swift */ = {isa = PBXFileReference; lastKnownFileType = sourcecode.swift; path = SearchViewController.swift; sourceTree = "<group>"; };
		3F8B69422A2DC11900B125FB /* Resources.swift */ = {isa = PBXFileReference; lastKnownFileType = sourcecode.swift; path = Resources.swift; sourceTree = "<group>"; };
		3F8B69442A2DC23D00B125FB /* Extensions.swift */ = {isa = PBXFileReference; lastKnownFileType = sourcecode.swift; path = Extensions.swift; sourceTree = "<group>"; };
		3F8B69462A2DD0AB00B125FB /* SearchViewCell.swift */ = {isa = PBXFileReference; lastKnownFileType = sourcecode.swift; path = SearchViewCell.swift; sourceTree = "<group>"; };
		3F8B69492A2DE0AF00B125FB /* StockDetailViewController.swift */ = {isa = PBXFileReference; lastKnownFileType = sourcecode.swift; path = StockDetailViewController.swift; sourceTree = "<group>"; };
		3F8B694B2A2DE17D00B125FB /* StockDetailView.swift */ = {isa = PBXFileReference; lastKnownFileType = sourcecode.swift; path = StockDetailView.swift; sourceTree = "<group>"; };
		3F8B69502A2DF49F00B125FB /* NetworkService.swift */ = {isa = PBXFileReference; lastKnownFileType = sourcecode.swift; path = NetworkService.swift; sourceTree = "<group>"; };
		3F9800A82A2616CA00D99EA3 /* Final_project_SHIFT.app */ = {isa = PBXFileReference; explicitFileType = wrapper.application; includeInIndex = 0; path = Final_project_SHIFT.app; sourceTree = BUILT_PRODUCTS_DIR; };
		3F9800AB2A2616CA00D99EA3 /* AppDelegate.swift */ = {isa = PBXFileReference; lastKnownFileType = sourcecode.swift; path = AppDelegate.swift; sourceTree = "<group>"; };
		3F9800AD2A2616CA00D99EA3 /* SceneDelegate.swift */ = {isa = PBXFileReference; lastKnownFileType = sourcecode.swift; path = SceneDelegate.swift; sourceTree = "<group>"; };
		3F9800B42A2616CC00D99EA3 /* Assets.xcassets */ = {isa = PBXFileReference; lastKnownFileType = folder.assetcatalog; path = Assets.xcassets; sourceTree = "<group>"; };
		3F9800B72A2616CC00D99EA3 /* Base */ = {isa = PBXFileReference; lastKnownFileType = file.storyboard; name = Base; path = Base.lproj/LaunchScreen.storyboard; sourceTree = "<group>"; };
		3F9800B92A2616CC00D99EA3 /* Info.plist */ = {isa = PBXFileReference; lastKnownFileType = text.plist.xml; path = Info.plist; sourceTree = "<group>"; };
		3FD370B82A3A19960042CA95 /* WatchlistPresenter.swift */ = {isa = PBXFileReference; lastKnownFileType = sourcecode.swift; path = WatchlistPresenter.swift; sourceTree = "<group>"; };
		3FD370BA2A3A2D4B0042CA95 /* WatchlistAssembly.swift */ = {isa = PBXFileReference; lastKnownFileType = sourcecode.swift; path = WatchlistAssembly.swift; sourceTree = "<group>"; };
		3FD370BD2A3A32E50042CA95 /* SearchModel.swift */ = {isa = PBXFileReference; lastKnownFileType = sourcecode.swift; path = SearchModel.swift; sourceTree = "<group>"; };
		3FD370C02A3A33A50042CA95 /* SearchView.swift */ = {isa = PBXFileReference; lastKnownFileType = sourcecode.swift; path = SearchView.swift; sourceTree = "<group>"; };
		3FD370C22A3A53A30042CA95 /* SearchPresenter.swift */ = {isa = PBXFileReference; lastKnownFileType = sourcecode.swift; path = SearchPresenter.swift; sourceTree = "<group>"; };
		3FD370C42A3AC3480042CA95 /* SearchAssembly.swift */ = {isa = PBXFileReference; lastKnownFileType = sourcecode.swift; path = SearchAssembly.swift; sourceTree = "<group>"; };
		3FD370C92A3B13230042CA95 /* StockDetailPresenter.swift */ = {isa = PBXFileReference; lastKnownFileType = sourcecode.swift; path = StockDetailPresenter.swift; sourceTree = "<group>"; };
		3FD370CB2A3B15030042CA95 /* StockDetailAssembly.swift */ = {isa = PBXFileReference; lastKnownFileType = sourcecode.swift; path = StockDetailAssembly.swift; sourceTree = "<group>"; };
		3FD370CD2A3B2E440042CA95 /* NetworkServiceModel.swift */ = {isa = PBXFileReference; lastKnownFileType = sourcecode.swift; path = NetworkServiceModel.swift; sourceTree = "<group>"; };
		3FD370CF2A3B32E00042CA95 /* FinhubExchangeManager.swift */ = {isa = PBXFileReference; lastKnownFileType = sourcecode.swift; path = FinhubExchangeManager.swift; sourceTree = "<group>"; };
		3FFADDCB2A3611FA00299BBD /* WatchlistViewCell.swift */ = {isa = PBXFileReference; lastKnownFileType = sourcecode.swift; path = WatchlistViewCell.swift; sourceTree = "<group>"; };
		3FFADDCE2A36E4AA00299BBD /* StocksModel.xcdatamodel */ = {isa = PBXFileReference; lastKnownFileType = wrapper.xcdatamodel; path = StocksModel.xcdatamodel; sourceTree = "<group>"; };
		3FFADDD02A36EA3300299BBD /* PersistentStorageService.swift */ = {isa = PBXFileReference; lastKnownFileType = sourcecode.swift; path = PersistentStorageService.swift; sourceTree = "<group>"; };
		3FFADDD72A38277100299BBD /* WatchlistView.swift */ = {isa = PBXFileReference; lastKnownFileType = sourcecode.swift; path = WatchlistView.swift; sourceTree = "<group>"; };
		3FFADDD92A3827BF00299BBD /* WatchlistModel.swift */ = {isa = PBXFileReference; lastKnownFileType = sourcecode.swift; path = WatchlistModel.swift; sourceTree = "<group>"; };
/* End PBXFileReference section */

/* Begin PBXFrameworksBuildPhase section */
		3F9800A52A2616CA00D99EA3 /* Frameworks */ = {
			isa = PBXFrameworksBuildPhase;
			buildActionMask = 2147483647;
			files = (
				3F66DB2C2A32E4290078ECA0 /* SDWebImageSVGCoder in Frameworks */,
				3F66DB292A32E4170078ECA0 /* SDWebImageSwiftUI in Frameworks */,
				3F8B693B2A2D9BCB00B125FB /* SnapKit in Frameworks */,
			);
			runOnlyForDeploymentPostprocessing = 0;
		};
/* End PBXFrameworksBuildPhase section */

/* Begin PBXGroup section */
		3F8B69482A2DD0B700B125FB /* Search */ = {
			isa = PBXGroup;
			children = (
				3FD370BF2A3A32F30042CA95 /* SearchModel */,
				3FD370BC2A3A32430042CA95 /* SearchView */,
				3FD370C22A3A53A30042CA95 /* SearchPresenter.swift */,
				3FD370C42A3AC3480042CA95 /* SearchAssembly.swift */,
			);
			path = Search;
			sourceTree = "<group>";
		};
		3F8B694D2A2DF34900B125FB /* Watchlist */ = {
			isa = PBXGroup;
			children = (
				3FD370B12A3A01AE0042CA95 /* WatchlistModel */,
				3FFADDD62A38274E00299BBD /* WatchlistView */,
				3FD370B82A3A19960042CA95 /* WatchlistPresenter.swift */,
				3FD370BA2A3A2D4B0042CA95 /* WatchlistAssembly.swift */,
			);
			path = Watchlist;
			sourceTree = "<group>";
		};
		3F8B694E2A2DF35A00B125FB /* Detail */ = {
			isa = PBXGroup;
			children = (
				3FD370C62A3B119E0042CA95 /* Model */,
				3FD370C72A3B11C10042CA95 /* View */,
				3FD370C92A3B13230042CA95 /* StockDetailPresenter.swift */,
				3FD370CB2A3B15030042CA95 /* StockDetailAssembly.swift */,
			);
			path = Detail;
			sourceTree = "<group>";
		};
		3F8B694F2A2DF46200B125FB /* Services */ = {
			isa = PBXGroup;
			children = (
				3FFADDD32A3823D000299BBD /* Network */,
				3FFADDD42A3823ED00299BBD /* CoreData */,
			);
			path = Services;
			sourceTree = "<group>";
		};
		3F98009F2A2616CA00D99EA3 = {
			isa = PBXGroup;
			children = (
				3F9800AA2A2616CA00D99EA3 /* Final_project_SHIFT */,
				3F9800A92A2616CA00D99EA3 /* Products */,
			);
			sourceTree = "<group>";
		};
		3F9800A92A2616CA00D99EA3 /* Products */ = {
			isa = PBXGroup;
			children = (
				3F9800A82A2616CA00D99EA3 /* Final_project_SHIFT.app */,
			);
			name = Products;
			sourceTree = "<group>";
		};
		3F9800AA2A2616CA00D99EA3 /* Final_project_SHIFT */ = {
			isa = PBXGroup;
			children = (
				3F9800C12A2646FA00D99EA3 /* App */,
				3FFADDD22A38239300299BBD /* Helpers */,
				3F8B694F2A2DF46200B125FB /* Services */,
				3F9800C22A26471C00D99EA3 /* Source */,
				3F9800BF2A26467700D99EA3 /* Resources */,
			);
			path = Final_project_SHIFT;
			sourceTree = "<group>";
		};
		3F9800BF2A26467700D99EA3 /* Resources */ = {
			isa = PBXGroup;
			children = (
				3F9800B42A2616CC00D99EA3 /* Assets.xcassets */,
				3F9800B62A2616CC00D99EA3 /* LaunchScreen.storyboard */,
				3F9800B92A2616CC00D99EA3 /* Info.plist */,
			);
			path = Resources;
			sourceTree = "<group>";
		};
		3F9800C12A2646FA00D99EA3 /* App */ = {
			isa = PBXGroup;
			children = (
				3F9800AB2A2616CA00D99EA3 /* AppDelegate.swift */,
				3F9800AD2A2616CA00D99EA3 /* SceneDelegate.swift */,
			);
			path = App;
			sourceTree = "<group>";
		};
		3F9800C22A26471C00D99EA3 /* Source */ = {
			isa = PBXGroup;
			children = (
				3F8B693C2A2DA23300B125FB /* CustomTabBarController.swift */,
				3FFADDD52A38261400299BBD /* Modules */,
			);
			path = Source;
			sourceTree = "<group>";
		};
		3FD370B12A3A01AE0042CA95 /* WatchlistModel */ = {
			isa = PBXGroup;
			children = (
				3FFADDD92A3827BF00299BBD /* WatchlistModel.swift */,
			);
			path = WatchlistModel;
			sourceTree = "<group>";
		};
		3FD370BC2A3A32430042CA95 /* SearchView */ = {
			isa = PBXGroup;
			children = (
				3F8B69402A2DA51400B125FB /* SearchViewController.swift */,
				3FD370C02A3A33A50042CA95 /* SearchView.swift */,
				3F8B69462A2DD0AB00B125FB /* SearchViewCell.swift */,
			);
			path = SearchView;
			sourceTree = "<group>";
		};
		3FD370BF2A3A32F30042CA95 /* SearchModel */ = {
			isa = PBXGroup;
			children = (
				3FD370BD2A3A32E50042CA95 /* SearchModel.swift */,
			);
			path = SearchModel;
			sourceTree = "<group>";
		};
		3FD370C62A3B119E0042CA95 /* Model */ = {
			isa = PBXGroup;
			children = (
				3F66DAFD2A31E5D20078ECA0 /* StockDetailModel.swift */,
				3F66DB012A31E7020078ECA0 /* CandleChartModel.swift */,
				3F66DB2D2A32E49C0078ECA0 /* StockProfileModel.swift */,
			);
			path = Model;
			sourceTree = "<group>";
		};
		3FD370C72A3B11C10042CA95 /* View */ = {
			isa = PBXGroup;
			children = (
				3F8B69492A2DE0AF00B125FB /* StockDetailViewController.swift */,
				3FD370C82A3B121E0042CA95 /* StockDetailView */,
			);
			path = View;
			sourceTree = "<group>";
		};
		3FD370C82A3B121E0042CA95 /* StockDetailView */ = {
			isa = PBXGroup;
			children = (
				3F8B694B2A2DE17D00B125FB /* StockDetailView.swift */,
				3F66DAFF2A31E6830078ECA0 /* CandlesChartView.swift */,
				3F66DB252A32E3B60078ECA0 /* CompanyProfileView.swift */,
			);
			path = StockDetailView;
			sourceTree = "<group>";
		};
		3FFADDD22A38239300299BBD /* Helpers */ = {
			isa = PBXGroup;
			children = (
				3F8B69442A2DC23D00B125FB /* Extensions.swift */,
				3F8B69422A2DC11900B125FB /* Resources.swift */,
				3FD370CF2A3B32E00042CA95 /* FinhubExchangeManager.swift */,
			);
			path = Helpers;
			sourceTree = "<group>";
		};
		3FFADDD32A3823D000299BBD /* Network */ = {
			isa = PBXGroup;
			children = (
				3F8B69502A2DF49F00B125FB /* NetworkService.swift */,
				3FD370CD2A3B2E440042CA95 /* NetworkServiceModel.swift */,
			);
			path = Network;
			sourceTree = "<group>";
		};
		3FFADDD42A3823ED00299BBD /* CoreData */ = {
			isa = PBXGroup;
			children = (
				3FFADDD02A36EA3300299BBD /* PersistentStorageService.swift */,
				3FFADDCD2A36E4AA00299BBD /* StocksModel.xcdatamodeld */,
			);
			path = CoreData;
			sourceTree = "<group>";
		};
		3FFADDD52A38261400299BBD /* Modules */ = {
			isa = PBXGroup;
			children = (
				3F8B694D2A2DF34900B125FB /* Watchlist */,
				3F8B69482A2DD0B700B125FB /* Search */,
				3F8B694E2A2DF35A00B125FB /* Detail */,
			);
			path = Modules;
			sourceTree = "<group>";
		};
		3FFADDD62A38274E00299BBD /* WatchlistView */ = {
			isa = PBXGroup;
			children = (
				3FFADDD72A38277100299BBD /* WatchlistView.swift */,
				3F8B693E2A2DA4AE00B125FB /* WatchlistViewController.swift */,
				3FFADDCB2A3611FA00299BBD /* WatchlistViewCell.swift */,
			);
			path = WatchlistView;
			sourceTree = "<group>";
		};
/* End PBXGroup section */

/* Begin PBXNativeTarget section */
		3F9800A72A2616CA00D99EA3 /* Final_project_SHIFT */ = {
			isa = PBXNativeTarget;
			buildConfigurationList = 3F9800BC2A2616CC00D99EA3 /* Build configuration list for PBXNativeTarget "Final_project_SHIFT" */;
			buildPhases = (
				3F9800A42A2616CA00D99EA3 /* Sources */,
				3F9800A52A2616CA00D99EA3 /* Frameworks */,
				3F9800A62A2616CA00D99EA3 /* Resources */,
			);
			buildRules = (
			);
			dependencies = (
			);
			name = Final_project_SHIFT;
			packageProductDependencies = (
				3F8B693A2A2D9BCB00B125FB /* SnapKit */,
				3F66DB282A32E4170078ECA0 /* SDWebImageSwiftUI */,
				3F66DB2B2A32E4290078ECA0 /* SDWebImageSVGCoder */,
			);
			productName = Final_project_SHIFT;
			productReference = 3F9800A82A2616CA00D99EA3 /* Final_project_SHIFT.app */;
			productType = "com.apple.product-type.application";
		};
/* End PBXNativeTarget section */

/* Begin PBXProject section */
		3F9800A02A2616CA00D99EA3 /* Project object */ = {
			isa = PBXProject;
			attributes = {
				BuildIndependentTargetsInParallel = 1;
				LastSwiftUpdateCheck = 1430;
				LastUpgradeCheck = 1430;
				TargetAttributes = {
					3F9800A72A2616CA00D99EA3 = {
						CreatedOnToolsVersion = 14.3;
					};
				};
			};
			buildConfigurationList = 3F9800A32A2616CA00D99EA3 /* Build configuration list for PBXProject "Final_project_SHIFT" */;
			compatibilityVersion = "Xcode 14.0";
			developmentRegion = en;
			hasScannedForEncodings = 0;
			knownRegions = (
				en,
				Base,
			);
			mainGroup = 3F98009F2A2616CA00D99EA3;
			packageReferences = (
				3F8B69392A2D9BCB00B125FB /* XCRemoteSwiftPackageReference "SnapKit" */,
				3F66DB272A32E4170078ECA0 /* XCRemoteSwiftPackageReference "SDWebImageSwiftUI" */,
				3F66DB2A2A32E4290078ECA0 /* XCRemoteSwiftPackageReference "SDWebImageSVGCoder" */,
			);
			productRefGroup = 3F9800A92A2616CA00D99EA3 /* Products */;
			projectDirPath = "";
			projectRoot = "";
			targets = (
				3F9800A72A2616CA00D99EA3 /* Final_project_SHIFT */,
			);
		};
/* End PBXProject section */

/* Begin PBXResourcesBuildPhase section */
		3F9800A62A2616CA00D99EA3 /* Resources */ = {
			isa = PBXResourcesBuildPhase;
			buildActionMask = 2147483647;
			files = (
				3F9800B82A2616CC00D99EA3 /* LaunchScreen.storyboard in Resources */,
				3F9800B52A2616CC00D99EA3 /* Assets.xcassets in Resources */,
			);
			runOnlyForDeploymentPostprocessing = 0;
		};
/* End PBXResourcesBuildPhase section */

/* Begin PBXSourcesBuildPhase section */
		3F9800A42A2616CA00D99EA3 /* Sources */ = {
			isa = PBXSourcesBuildPhase;
			buildActionMask = 2147483647;
			files = (
				3FFADDD82A38277100299BBD /* WatchlistView.swift in Sources */,
				3FD370D02A3B32E00042CA95 /* FinhubExchangeManager.swift in Sources */,
				3FFADDCF2A36E4AA00299BBD /* StocksModel.xcdatamodeld in Sources */,
				3F8B69512A2DF49F00B125FB /* NetworkService.swift in Sources */,
				3FD370BE2A3A32E50042CA95 /* SearchModel.swift in Sources */,
				3FD370BB2A3A2D4B0042CA95 /* WatchlistAssembly.swift in Sources */,
				3FFADDD12A36EA3300299BBD /* PersistentStorageService.swift in Sources */,
				3F8B694A2A2DE0AF00B125FB /* StockDetailViewController.swift in Sources */,
				3F66DB002A31E6830078ECA0 /* CandlesChartView.swift in Sources */,
				3F66DB022A31E7020078ECA0 /* CandleChartModel.swift in Sources */,
				3F66DB262A32E3B60078ECA0 /* CompanyProfileView.swift in Sources */,
				3FD370B92A3A19960042CA95 /* WatchlistPresenter.swift in Sources */,
				3F8B69472A2DD0AB00B125FB /* SearchViewCell.swift in Sources */,
				3F8B694C2A2DE17D00B125FB /* StockDetailView.swift in Sources */,
				3F8B69412A2DA51400B125FB /* SearchViewController.swift in Sources */,
				3F66DB2E2A32E49C0078ECA0 /* StockProfileModel.swift in Sources */,
				3FD370C12A3A33A50042CA95 /* SearchView.swift in Sources */,
				3FD370C52A3AC3480042CA95 /* SearchAssembly.swift in Sources */,
				3F66DAFE2A31E5D20078ECA0 /* StockDetailModel.swift in Sources */,
				3FD370CE2A3B2E440042CA95 /* NetworkServiceModel.swift in Sources */,
				3F8B693F2A2DA4AE00B125FB /* WatchlistViewController.swift in Sources */,
				3F8B693D2A2DA23300B125FB /* CustomTabBarController.swift in Sources */,
				3FD370CA2A3B13230042CA95 /* StockDetailPresenter.swift in Sources */,
				3F8B69432A2DC11900B125FB /* Resources.swift in Sources */,
				3F9800AC2A2616CA00D99EA3 /* AppDelegate.swift in Sources */,
				3FFADDCC2A3611FA00299BBD /* WatchlistViewCell.swift in Sources */,
				3FD370CC2A3B15030042CA95 /* StockDetailAssembly.swift in Sources */,
				3FD370C32A3A53A30042CA95 /* SearchPresenter.swift in Sources */,
				3FFADDDA2A3827BF00299BBD /* WatchlistModel.swift in Sources */,
				3F9800AE2A2616CA00D99EA3 /* SceneDelegate.swift in Sources */,
				3F8B69452A2DC23D00B125FB /* Extensions.swift in Sources */,
			);
			runOnlyForDeploymentPostprocessing = 0;
		};
/* End PBXSourcesBuildPhase section */

/* Begin PBXVariantGroup section */
		3F9800B62A2616CC00D99EA3 /* LaunchScreen.storyboard */ = {
			isa = PBXVariantGroup;
			children = (
				3F9800B72A2616CC00D99EA3 /* Base */,
			);
			name = LaunchScreen.storyboard;
			sourceTree = "<group>";
		};
/* End PBXVariantGroup section */

/* Begin XCBuildConfiguration section */
		3F9800BA2A2616CC00D99EA3 /* Debug */ = {
			isa = XCBuildConfiguration;
			buildSettings = {
				ALWAYS_SEARCH_USER_PATHS = NO;
				CLANG_ANALYZER_NONNULL = YES;
				CLANG_ANALYZER_NUMBER_OBJECT_CONVERSION = YES_AGGRESSIVE;
				CLANG_CXX_LANGUAGE_STANDARD = "gnu++20";
				CLANG_ENABLE_MODULES = YES;
				CLANG_ENABLE_OBJC_ARC = YES;
				CLANG_ENABLE_OBJC_WEAK = YES;
				CLANG_WARN_BLOCK_CAPTURE_AUTORELEASING = YES;
				CLANG_WARN_BOOL_CONVERSION = YES;
				CLANG_WARN_COMMA = YES;
				CLANG_WARN_CONSTANT_CONVERSION = YES;
				CLANG_WARN_DEPRECATED_OBJC_IMPLEMENTATIONS = YES;
				CLANG_WARN_DIRECT_OBJC_ISA_USAGE = YES_ERROR;
				CLANG_WARN_DOCUMENTATION_COMMENTS = YES;
				CLANG_WARN_EMPTY_BODY = YES;
				CLANG_WARN_ENUM_CONVERSION = YES;
				CLANG_WARN_INFINITE_RECURSION = YES;
				CLANG_WARN_INT_CONVERSION = YES;
				CLANG_WARN_NON_LITERAL_NULL_CONVERSION = YES;
				CLANG_WARN_OBJC_IMPLICIT_RETAIN_SELF = YES;
				CLANG_WARN_OBJC_LITERAL_CONVERSION = YES;
				CLANG_WARN_OBJC_ROOT_CLASS = YES_ERROR;
				CLANG_WARN_QUOTED_INCLUDE_IN_FRAMEWORK_HEADER = YES;
				CLANG_WARN_RANGE_LOOP_ANALYSIS = YES;
				CLANG_WARN_STRICT_PROTOTYPES = YES;
				CLANG_WARN_SUSPICIOUS_MOVE = YES;
				CLANG_WARN_UNGUARDED_AVAILABILITY = YES_AGGRESSIVE;
				CLANG_WARN_UNREACHABLE_CODE = YES;
				CLANG_WARN__DUPLICATE_METHOD_MATCH = YES;
				COPY_PHASE_STRIP = NO;
				DEBUG_INFORMATION_FORMAT = dwarf;
				ENABLE_STRICT_OBJC_MSGSEND = YES;
				ENABLE_TESTABILITY = YES;
				GCC_C_LANGUAGE_STANDARD = gnu11;
				GCC_DYNAMIC_NO_PIC = NO;
				GCC_NO_COMMON_BLOCKS = YES;
				GCC_OPTIMIZATION_LEVEL = 0;
				GCC_PREPROCESSOR_DEFINITIONS = (
					"DEBUG=1",
					"$(inherited)",
				);
				GCC_WARN_64_TO_32_BIT_CONVERSION = YES;
				GCC_WARN_ABOUT_RETURN_TYPE = YES_ERROR;
				GCC_WARN_UNDECLARED_SELECTOR = YES;
				GCC_WARN_UNINITIALIZED_AUTOS = YES_AGGRESSIVE;
				GCC_WARN_UNUSED_FUNCTION = YES;
				GCC_WARN_UNUSED_VARIABLE = YES;
				IPHONEOS_DEPLOYMENT_TARGET = 16.4;
				MTL_ENABLE_DEBUG_INFO = INCLUDE_SOURCE;
				MTL_FAST_MATH = YES;
				ONLY_ACTIVE_ARCH = YES;
				SDKROOT = iphoneos;
				SWIFT_ACTIVE_COMPILATION_CONDITIONS = DEBUG;
				SWIFT_OPTIMIZATION_LEVEL = "-Onone";
			};
			name = Debug;
		};
		3F9800BB2A2616CC00D99EA3 /* Release */ = {
			isa = XCBuildConfiguration;
			buildSettings = {
				ALWAYS_SEARCH_USER_PATHS = NO;
				CLANG_ANALYZER_NONNULL = YES;
				CLANG_ANALYZER_NUMBER_OBJECT_CONVERSION = YES_AGGRESSIVE;
				CLANG_CXX_LANGUAGE_STANDARD = "gnu++20";
				CLANG_ENABLE_MODULES = YES;
				CLANG_ENABLE_OBJC_ARC = YES;
				CLANG_ENABLE_OBJC_WEAK = YES;
				CLANG_WARN_BLOCK_CAPTURE_AUTORELEASING = YES;
				CLANG_WARN_BOOL_CONVERSION = YES;
				CLANG_WARN_COMMA = YES;
				CLANG_WARN_CONSTANT_CONVERSION = YES;
				CLANG_WARN_DEPRECATED_OBJC_IMPLEMENTATIONS = YES;
				CLANG_WARN_DIRECT_OBJC_ISA_USAGE = YES_ERROR;
				CLANG_WARN_DOCUMENTATION_COMMENTS = YES;
				CLANG_WARN_EMPTY_BODY = YES;
				CLANG_WARN_ENUM_CONVERSION = YES;
				CLANG_WARN_INFINITE_RECURSION = YES;
				CLANG_WARN_INT_CONVERSION = YES;
				CLANG_WARN_NON_LITERAL_NULL_CONVERSION = YES;
				CLANG_WARN_OBJC_IMPLICIT_RETAIN_SELF = YES;
				CLANG_WARN_OBJC_LITERAL_CONVERSION = YES;
				CLANG_WARN_OBJC_ROOT_CLASS = YES_ERROR;
				CLANG_WARN_QUOTED_INCLUDE_IN_FRAMEWORK_HEADER = YES;
				CLANG_WARN_RANGE_LOOP_ANALYSIS = YES;
				CLANG_WARN_STRICT_PROTOTYPES = YES;
				CLANG_WARN_SUSPICIOUS_MOVE = YES;
				CLANG_WARN_UNGUARDED_AVAILABILITY = YES_AGGRESSIVE;
				CLANG_WARN_UNREACHABLE_CODE = YES;
				CLANG_WARN__DUPLICATE_METHOD_MATCH = YES;
				COPY_PHASE_STRIP = NO;
				DEBUG_INFORMATION_FORMAT = "dwarf-with-dsym";
				ENABLE_NS_ASSERTIONS = NO;
				ENABLE_STRICT_OBJC_MSGSEND = YES;
				GCC_C_LANGUAGE_STANDARD = gnu11;
				GCC_NO_COMMON_BLOCKS = YES;
				GCC_WARN_64_TO_32_BIT_CONVERSION = YES;
				GCC_WARN_ABOUT_RETURN_TYPE = YES_ERROR;
				GCC_WARN_UNDECLARED_SELECTOR = YES;
				GCC_WARN_UNINITIALIZED_AUTOS = YES_AGGRESSIVE;
				GCC_WARN_UNUSED_FUNCTION = YES;
				GCC_WARN_UNUSED_VARIABLE = YES;
				IPHONEOS_DEPLOYMENT_TARGET = 16.4;
				MTL_ENABLE_DEBUG_INFO = NO;
				MTL_FAST_MATH = YES;
				SDKROOT = iphoneos;
				SWIFT_COMPILATION_MODE = wholemodule;
				SWIFT_OPTIMIZATION_LEVEL = "-O";
				VALIDATE_PRODUCT = YES;
			};
			name = Release;
		};
		3F9800BD2A2616CC00D99EA3 /* Debug */ = {
			isa = XCBuildConfiguration;
			buildSettings = {
				ASSETCATALOG_COMPILER_APPICON_NAME = AppIcon;
				ASSETCATALOG_COMPILER_GLOBAL_ACCENT_COLOR_NAME = AccentColor;
				CODE_SIGN_STYLE = Automatic;
				CURRENT_PROJECT_VERSION = 1;
				DEVELOPMENT_TEAM = MC8V6J6849;
				GENERATE_INFOPLIST_FILE = YES;
				INFOPLIST_FILE = Final_project_SHIFT/Resources/Info.plist;
				INFOPLIST_KEY_UIApplicationSupportsIndirectInputEvents = YES;
				INFOPLIST_KEY_UILaunchStoryboardName = LaunchScreen;
				INFOPLIST_KEY_UISupportedInterfaceOrientations = UIInterfaceOrientationPortrait;
				INFOPLIST_KEY_UISupportedInterfaceOrientations_iPad = "UIInterfaceOrientationLandscapeLeft UIInterfaceOrientationLandscapeRight UIInterfaceOrientationPortrait UIInterfaceOrientationPortraitUpsideDown";
				LD_RUNPATH_SEARCH_PATHS = (
					"$(inherited)",
					"@executable_path/Frameworks",
				);
				MARKETING_VERSION = 1.0;
				PRODUCT_BUNDLE_IDENTIFIER = "com.kovali.Final-project-SHIFT";
				PRODUCT_NAME = "$(TARGET_NAME)";
				SUPPORTED_PLATFORMS = "iphoneos iphonesimulator";
				SUPPORTS_MACCATALYST = NO;
				SUPPORTS_MAC_DESIGNED_FOR_IPHONE_IPAD = NO;
				SWIFT_EMIT_LOC_STRINGS = YES;
				SWIFT_VERSION = 5.0;
				TARGETED_DEVICE_FAMILY = 1;
			};
			name = Debug;
		};
		3F9800BE2A2616CC00D99EA3 /* Release */ = {
			isa = XCBuildConfiguration;
			buildSettings = {
				ASSETCATALOG_COMPILER_APPICON_NAME = AppIcon;
				ASSETCATALOG_COMPILER_GLOBAL_ACCENT_COLOR_NAME = AccentColor;
				CODE_SIGN_STYLE = Automatic;
				CURRENT_PROJECT_VERSION = 1;
				DEVELOPMENT_TEAM = MC8V6J6849;
				GENERATE_INFOPLIST_FILE = YES;
				INFOPLIST_FILE = Final_project_SHIFT/Resources/Info.plist;
				INFOPLIST_KEY_UIApplicationSupportsIndirectInputEvents = YES;
				INFOPLIST_KEY_UILaunchStoryboardName = LaunchScreen;
				INFOPLIST_KEY_UISupportedInterfaceOrientations = UIInterfaceOrientationPortrait;
				INFOPLIST_KEY_UISupportedInterfaceOrientations_iPad = "UIInterfaceOrientationLandscapeLeft UIInterfaceOrientationLandscapeRight UIInterfaceOrientationPortrait UIInterfaceOrientationPortraitUpsideDown";
				LD_RUNPATH_SEARCH_PATHS = (
					"$(inherited)",
					"@executable_path/Frameworks",
				);
				MARKETING_VERSION = 1.0;
				PRODUCT_BUNDLE_IDENTIFIER = "com.kovali.Final-project-SHIFT";
				PRODUCT_NAME = "$(TARGET_NAME)";
				SUPPORTED_PLATFORMS = "iphoneos iphonesimulator";
				SUPPORTS_MACCATALYST = NO;
				SUPPORTS_MAC_DESIGNED_FOR_IPHONE_IPAD = NO;
				SWIFT_EMIT_LOC_STRINGS = YES;
				SWIFT_VERSION = 5.0;
				TARGETED_DEVICE_FAMILY = 1;
			};
			name = Release;
		};
/* End XCBuildConfiguration section */

/* Begin XCConfigurationList section */
		3F9800A32A2616CA00D99EA3 /* Build configuration list for PBXProject "Final_project_SHIFT" */ = {
			isa = XCConfigurationList;
			buildConfigurations = (
				3F9800BA2A2616CC00D99EA3 /* Debug */,
				3F9800BB2A2616CC00D99EA3 /* Release */,
			);
			defaultConfigurationIsVisible = 0;
			defaultConfigurationName = Release;
		};
		3F9800BC2A2616CC00D99EA3 /* Build configuration list for PBXNativeTarget "Final_project_SHIFT" */ = {
			isa = XCConfigurationList;
			buildConfigurations = (
				3F9800BD2A2616CC00D99EA3 /* Debug */,
				3F9800BE2A2616CC00D99EA3 /* Release */,
			);
			defaultConfigurationIsVisible = 0;
			defaultConfigurationName = Release;
		};
/* End XCConfigurationList section */

/* Begin XCRemoteSwiftPackageReference section */
		3F66DB272A32E4170078ECA0 /* XCRemoteSwiftPackageReference "SDWebImageSwiftUI" */ = {
			isa = XCRemoteSwiftPackageReference;
			repositoryURL = "https://github.com/SDWebImage/SDWebImageSwiftUI.git";
			requirement = {
				kind = upToNextMajorVersion;
				minimumVersion = 2.0.0;
			};
		};
		3F66DB2A2A32E4290078ECA0 /* XCRemoteSwiftPackageReference "SDWebImageSVGCoder" */ = {
			isa = XCRemoteSwiftPackageReference;
			repositoryURL = "https://github.com/SDWebImage/SDWebImageSVGCoder.git";
			requirement = {
				kind = upToNextMajorVersion;
				minimumVersion = 1.0.0;
			};
		};
		3F8B69392A2D9BCB00B125FB /* XCRemoteSwiftPackageReference "SnapKit" */ = {
			isa = XCRemoteSwiftPackageReference;
			repositoryURL = "https://github.com/SnapKit/SnapKit.git";
			requirement = {
				kind = upToNextMajorVersion;
				minimumVersion = 5.0.0;
			};
		};
/* End XCRemoteSwiftPackageReference section */

/* Begin XCSwiftPackageProductDependency section */
		3F66DB282A32E4170078ECA0 /* SDWebImageSwiftUI */ = {
			isa = XCSwiftPackageProductDependency;
			package = 3F66DB272A32E4170078ECA0 /* XCRemoteSwiftPackageReference "SDWebImageSwiftUI" */;
			productName = SDWebImageSwiftUI;
		};
		3F66DB2B2A32E4290078ECA0 /* SDWebImageSVGCoder */ = {
			isa = XCSwiftPackageProductDependency;
			package = 3F66DB2A2A32E4290078ECA0 /* XCRemoteSwiftPackageReference "SDWebImageSVGCoder" */;
			productName = SDWebImageSVGCoder;
		};
		3F8B693A2A2D9BCB00B125FB /* SnapKit */ = {
			isa = XCSwiftPackageProductDependency;
			package = 3F8B69392A2D9BCB00B125FB /* XCRemoteSwiftPackageReference "SnapKit" */;
			productName = SnapKit;
		};
/* End XCSwiftPackageProductDependency section */

/* Begin XCVersionGroup section */
		3FFADDCD2A36E4AA00299BBD /* StocksModel.xcdatamodeld */ = {
			isa = XCVersionGroup;
			children = (
				3FFADDCE2A36E4AA00299BBD /* StocksModel.xcdatamodel */,
			);
			currentVersion = 3FFADDCE2A36E4AA00299BBD /* StocksModel.xcdatamodel */;
			path = StocksModel.xcdatamodeld;
			sourceTree = "<group>";
			versionGroupType = wrapper.xcdatamodel;
		};
/* End XCVersionGroup section */
	};
	rootObject = 3F9800A02A2616CA00D99EA3 /* Project object */;
}
